// !$*UTF8*$!
{
	archiveVersion = 1;
	classes = {
	};
	objectVersion = 50;
	objects = {

/* Begin PBXBuildFile section */
		3411733022882D59005A599B /* ParcelsTableViewController.swift in Sources */ = {isa = PBXBuildFile; fileRef = 3411732F22882D59005A599B /* ParcelsTableViewController.swift */; };
		341173322288604B005A599B /* PPParcel.swift in Sources */ = {isa = PBXBuildFile; fileRef = 341173312288604B005A599B /* PPParcel.swift */; };
		3499E7BF2289D01200AE6192 /* parcels.json in Resources */ = {isa = PBXBuildFile; fileRef = 3499E7BE2289D01200AE6192 /* parcels.json */; };
		34CAC45222673222009E8095 /* AppDelegate.swift in Sources */ = {isa = PBXBuildFile; fileRef = 34CAC45122673222009E8095 /* AppDelegate.swift */; };
		34CAC45422673222009E8095 /* ParcelDetailViewController.swift in Sources */ = {isa = PBXBuildFile; fileRef = 34CAC45322673222009E8095 /* ParcelDetailViewController.swift */; };
		34CAC45722673222009E8095 /* Main.storyboard in Resources */ = {isa = PBXBuildFile; fileRef = 34CAC45522673222009E8095 /* Main.storyboard */; };
		34CAC45922673224009E8095 /* Assets.xcassets in Resources */ = {isa = PBXBuildFile; fileRef = 34CAC45822673224009E8095 /* Assets.xcassets */; };
		34CAC45C22673224009E8095 /* LaunchScreen.storyboard in Resources */ = {isa = PBXBuildFile; fileRef = 34CAC45A22673224009E8095 /* LaunchScreen.storyboard */; };
		34CAC46722673224009E8095 /* ttTests.swift in Sources */ = {isa = PBXBuildFile; fileRef = 34CAC46622673224009E8095 /* ttTests.swift */; };
		34CAC47222673224009E8095 /* ttUITests.swift in Sources */ = {isa = PBXBuildFile; fileRef = 34CAC47122673224009E8095 /* ttUITests.swift */; };
		34CAC48022674278009E8095 /* CodeList.swift in Sources */ = {isa = PBXBuildFile; fileRef = 34CAC47F22674278009E8095 /* CodeList.swift */; };
		FC98AE5F550249B0D28F039F /* Pods_tt.framework in Frameworks */ = {isa = PBXBuildFile; fileRef = C4E0FC6533286EA40BDC911D /* Pods_tt.framework */; };
/* End PBXBuildFile section */

/* Begin PBXContainerItemProxy section */
		34CAC46322673224009E8095 /* PBXContainerItemProxy */ = {
			isa = PBXContainerItemProxy;
			containerPortal = 34CAC44622673222009E8095 /* Project object */;
			proxyType = 1;
			remoteGlobalIDString = 34CAC44D22673222009E8095;
			remoteInfo = tt;
		};
		34CAC46E22673224009E8095 /* PBXContainerItemProxy */ = {
			isa = PBXContainerItemProxy;
			containerPortal = 34CAC44622673222009E8095 /* Project object */;
			proxyType = 1;
			remoteGlobalIDString = 34CAC44D22673222009E8095;
			remoteInfo = tt;
		};
/* End PBXContainerItemProxy section */

/* Begin PBXFileReference section */
		3411732F22882D59005A599B /* ParcelsTableViewController.swift */ = {isa = PBXFileReference; lastKnownFileType = sourcecode.swift; path = ParcelsTableViewController.swift; sourceTree = "<group>"; };
		341173312288604B005A599B /* PPParcel.swift */ = {isa = PBXFileReference; lastKnownFileType = sourcecode.swift; path = PPParcel.swift; sourceTree = "<group>"; };
		3499E7BE2289D01200AE6192 /* parcels.json */ = {isa = PBXFileReference; lastKnownFileType = text.json; path = parcels.json; sourceTree = "<group>"; };
		34CAC44E22673222009E8095 /* tt.app */ = {isa = PBXFileReference; explicitFileType = wrapper.application; includeInIndex = 0; path = tt.app; sourceTree = BUILT_PRODUCTS_DIR; };
		34CAC45122673222009E8095 /* AppDelegate.swift */ = {isa = PBXFileReference; lastKnownFileType = sourcecode.swift; path = AppDelegate.swift; sourceTree = "<group>"; };
		34CAC45322673222009E8095 /* ParcelDetailViewController.swift */ = {isa = PBXFileReference; lastKnownFileType = sourcecode.swift; path = ParcelDetailViewController.swift; sourceTree = "<group>"; };
		34CAC45622673222009E8095 /* Base */ = {isa = PBXFileReference; lastKnownFileType = file.storyboard; name = Base; path = Base.lproj/Main.storyboard; sourceTree = "<group>"; };
		34CAC45822673224009E8095 /* Assets.xcassets */ = {isa = PBXFileReference; lastKnownFileType = folder.assetcatalog; path = Assets.xcassets; sourceTree = "<group>"; };
		34CAC45B22673224009E8095 /* Base */ = {isa = PBXFileReference; lastKnownFileType = file.storyboard; name = Base; path = Base.lproj/LaunchScreen.storyboard; sourceTree = "<group>"; };
		34CAC45D22673224009E8095 /* Info.plist */ = {isa = PBXFileReference; lastKnownFileType = text.plist.xml; path = Info.plist; sourceTree = "<group>"; };
		34CAC46222673224009E8095 /* ttTests.xctest */ = {isa = PBXFileReference; explicitFileType = wrapper.cfbundle; includeInIndex = 0; path = ttTests.xctest; sourceTree = BUILT_PRODUCTS_DIR; };
		34CAC46622673224009E8095 /* ttTests.swift */ = {isa = PBXFileReference; lastKnownFileType = sourcecode.swift; path = ttTests.swift; sourceTree = "<group>"; };
		34CAC46822673224009E8095 /* Info.plist */ = {isa = PBXFileReference; lastKnownFileType = text.plist.xml; path = Info.plist; sourceTree = "<group>"; };
		34CAC46D22673224009E8095 /* ttUITests.xctest */ = {isa = PBXFileReference; explicitFileType = wrapper.cfbundle; includeInIndex = 0; path = ttUITests.xctest; sourceTree = BUILT_PRODUCTS_DIR; };
		34CAC47122673224009E8095 /* ttUITests.swift */ = {isa = PBXFileReference; lastKnownFileType = sourcecode.swift; path = ttUITests.swift; sourceTree = "<group>"; };
		34CAC47322673224009E8095 /* Info.plist */ = {isa = PBXFileReference; lastKnownFileType = text.plist.xml; path = Info.plist; sourceTree = "<group>"; };
		34CAC47F22674278009E8095 /* CodeList.swift */ = {isa = PBXFileReference; lastKnownFileType = sourcecode.swift; path = CodeList.swift; sourceTree = "<group>"; };
		C4E0FC6533286EA40BDC911D /* Pods_tt.framework */ = {isa = PBXFileReference; explicitFileType = wrapper.framework; includeInIndex = 0; path = Pods_tt.framework; sourceTree = BUILT_PRODUCTS_DIR; };
		C6B0169343551D8E0D9F11DB /* Pods-tt.release.xcconfig */ = {isa = PBXFileReference; includeInIndex = 1; lastKnownFileType = text.xcconfig; name = "Pods-tt.release.xcconfig"; path = "Target Support Files/Pods-tt/Pods-tt.release.xcconfig"; sourceTree = "<group>"; };
		D572F3F16B3E3530001DE435 /* Pods-tt.debug.xcconfig */ = {isa = PBXFileReference; includeInIndex = 1; lastKnownFileType = text.xcconfig; name = "Pods-tt.debug.xcconfig"; path = "Target Support Files/Pods-tt/Pods-tt.debug.xcconfig"; sourceTree = "<group>"; };
/* End PBXFileReference section */

/* Begin PBXFrameworksBuildPhase section */
		34CAC44B22673222009E8095 /* Frameworks */ = {
			isa = PBXFrameworksBuildPhase;
			buildActionMask = 2147483647;
			files = (
				FC98AE5F550249B0D28F039F /* Pods_tt.framework in Frameworks */,
			);
			runOnlyForDeploymentPostprocessing = 0;
		};
		34CAC45F22673224009E8095 /* Frameworks */ = {
			isa = PBXFrameworksBuildPhase;
			buildActionMask = 2147483647;
			files = (
			);
			runOnlyForDeploymentPostprocessing = 0;
		};
		34CAC46A22673224009E8095 /* Frameworks */ = {
			isa = PBXFrameworksBuildPhase;
			buildActionMask = 2147483647;
			files = (
			);
			runOnlyForDeploymentPostprocessing = 0;
		};
/* End PBXFrameworksBuildPhase section */

/* Begin PBXGroup section */
		1F2A725EB89A487E66BCB024 /* Frameworks */ = {
			isa = PBXGroup;
			children = (
				C4E0FC6533286EA40BDC911D /* Pods_tt.framework */,
			);
			name = Frameworks;
			sourceTree = "<group>";
		};
		34CAC44522673222009E8095 = {
			isa = PBXGroup;
			children = (
				34CAC45022673222009E8095 /* tt */,
				34CAC46522673224009E8095 /* ttTests */,
				34CAC47022673224009E8095 /* ttUITests */,
				34CAC44F22673222009E8095 /* Products */,
				AA3F0E20853FF97680CF2634 /* Pods */,
				1F2A725EB89A487E66BCB024 /* Frameworks */,
			);
			sourceTree = "<group>";
		};
		34CAC44F22673222009E8095 /* Products */ = {
			isa = PBXGroup;
			children = (
				34CAC44E22673222009E8095 /* tt.app */,
				34CAC46222673224009E8095 /* ttTests.xctest */,
				34CAC46D22673224009E8095 /* ttUITests.xctest */,
			);
			name = Products;
			sourceTree = "<group>";
		};
		34CAC45022673222009E8095 /* tt */ = {
			isa = PBXGroup;
			children = (
				34CAC45122673222009E8095 /* AppDelegate.swift */,
				3499E7BE2289D01200AE6192 /* parcels.json */,
				34CAC45322673222009E8095 /* ParcelDetailViewController.swift */,
				34CAC45522673222009E8095 /* Main.storyboard */,
				341173312288604B005A599B /* PPParcel.swift */,
				3411732F22882D59005A599B /* ParcelsTableViewController.swift */,
				34CAC45822673224009E8095 /* Assets.xcassets */,
				34CAC45A22673224009E8095 /* LaunchScreen.storyboard */,
				34CAC45D22673224009E8095 /* Info.plist */,
				34CAC47F22674278009E8095 /* CodeList.swift */,
			);
			path = tt;
			sourceTree = "<group>";
		};
		34CAC46522673224009E8095 /* ttTests */ = {
			isa = PBXGroup;
			children = (
				34CAC46622673224009E8095 /* ttTests.swift */,
				34CAC46822673224009E8095 /* Info.plist */,
			);
			path = ttTests;
			sourceTree = "<group>";
		};
		34CAC47022673224009E8095 /* ttUITests */ = {
			isa = PBXGroup;
			children = (
				34CAC47122673224009E8095 /* ttUITests.swift */,
				34CAC47322673224009E8095 /* Info.plist */,
			);
			path = ttUITests;
			sourceTree = "<group>";
		};
		AA3F0E20853FF97680CF2634 /* Pods */ = {
			isa = PBXGroup;
			children = (
				D572F3F16B3E3530001DE435 /* Pods-tt.debug.xcconfig */,
				C6B0169343551D8E0D9F11DB /* Pods-tt.release.xcconfig */,
			);
			path = Pods;
			sourceTree = "<group>";
		};
/* End PBXGroup section */

/* Begin PBXNativeTarget section */
		34CAC44D22673222009E8095 /* tt */ = {
			isa = PBXNativeTarget;
			buildConfigurationList = 34CAC47622673224009E8095 /* Build configuration list for PBXNativeTarget "tt" */;
			buildPhases = (
				FCEF8900376E4272C30D316D /* [CP] Check Pods Manifest.lock */,
				34CAC44A22673222009E8095 /* Sources */,
				34CAC44B22673222009E8095 /* Frameworks */,
				34CAC44C22673222009E8095 /* Resources */,
				5D261449084DABFEFC6A9B40 /* [CP] Embed Pods Frameworks */,
			);
			buildRules = (
			);
			dependencies = (
			);
			name = tt;
			productName = tt;
			productReference = 34CAC44E22673222009E8095 /* tt.app */;
			productType = "com.apple.product-type.application";
		};
		34CAC46122673224009E8095 /* ttTests */ = {
			isa = PBXNativeTarget;
			buildConfigurationList = 34CAC47922673224009E8095 /* Build configuration list for PBXNativeTarget "ttTests" */;
			buildPhases = (
				34CAC45E22673224009E8095 /* Sources */,
				34CAC45F22673224009E8095 /* Frameworks */,
				34CAC46022673224009E8095 /* Resources */,
			);
			buildRules = (
			);
			dependencies = (
				34CAC46422673224009E8095 /* PBXTargetDependency */,
			);
			name = ttTests;
			productName = ttTests;
			productReference = 34CAC46222673224009E8095 /* ttTests.xctest */;
			productType = "com.apple.product-type.bundle.unit-test";
		};
		34CAC46C22673224009E8095 /* ttUITests */ = {
			isa = PBXNativeTarget;
			buildConfigurationList = 34CAC47C22673224009E8095 /* Build configuration list for PBXNativeTarget "ttUITests" */;
			buildPhases = (
				34CAC46922673224009E8095 /* Sources */,
				34CAC46A22673224009E8095 /* Frameworks */,
				34CAC46B22673224009E8095 /* Resources */,
			);
			buildRules = (
			);
			dependencies = (
				34CAC46F22673224009E8095 /* PBXTargetDependency */,
			);
			name = ttUITests;
			productName = ttUITests;
			productReference = 34CAC46D22673224009E8095 /* ttUITests.xctest */;
			productType = "com.apple.product-type.bundle.ui-testing";
		};
/* End PBXNativeTarget section */

/* Begin PBXProject section */
		34CAC44622673222009E8095 /* Project object */ = {
			isa = PBXProject;
			attributes = {
				LastSwiftUpdateCheck = 1020;
				LastUpgradeCheck = 1020;
				ORGANIZATIONNAME = programista;
				TargetAttributes = {
					34CAC44D22673222009E8095 = {
						CreatedOnToolsVersion = 10.2;
					};
					34CAC46122673224009E8095 = {
						CreatedOnToolsVersion = 10.2;
						TestTargetID = 34CAC44D22673222009E8095;
					};
					34CAC46C22673224009E8095 = {
						CreatedOnToolsVersion = 10.2;
						TestTargetID = 34CAC44D22673222009E8095;
					};
				};
			};
			buildConfigurationList = 34CAC44922673222009E8095 /* Build configuration list for PBXProject "tt" */;
			compatibilityVersion = "Xcode 9.3";
			developmentRegion = en;
			hasScannedForEncodings = 0;
			knownRegions = (
				en,
				Base,
			);
			mainGroup = 34CAC44522673222009E8095;
			productRefGroup = 34CAC44F22673222009E8095 /* Products */;
			projectDirPath = "";
			projectRoot = "";
			targets = (
				34CAC44D22673222009E8095 /* tt */,
				34CAC46122673224009E8095 /* ttTests */,
				34CAC46C22673224009E8095 /* ttUITests */,
			);
		};
/* End PBXProject section */

/* Begin PBXResourcesBuildPhase section */
		34CAC44C22673222009E8095 /* Resources */ = {
			isa = PBXResourcesBuildPhase;
			buildActionMask = 2147483647;
			files = (
				34CAC45C22673224009E8095 /* LaunchScreen.storyboard in Resources */,
				34CAC45922673224009E8095 /* Assets.xcassets in Resources */,
				3499E7BF2289D01200AE6192 /* parcels.json in Resources */,
				34CAC45722673222009E8095 /* Main.storyboard in Resources */,
			);
			runOnlyForDeploymentPostprocessing = 0;
		};
		34CAC46022673224009E8095 /* Resources */ = {
			isa = PBXResourcesBuildPhase;
			buildActionMask = 2147483647;
			files = (
			);
			runOnlyForDeploymentPostprocessing = 0;
		};
		34CAC46B22673224009E8095 /* Resources */ = {
			isa = PBXResourcesBuildPhase;
			buildActionMask = 2147483647;
			files = (
			);
			runOnlyForDeploymentPostprocessing = 0;
		};
/* End PBXResourcesBuildPhase section */

/* Begin PBXShellScriptBuildPhase section */
		5D261449084DABFEFC6A9B40 /* [CP] Embed Pods Frameworks */ = {
			isa = PBXShellScriptBuildPhase;
			buildActionMask = 2147483647;
			files = (
			);
			inputFileListPaths = (
			);
			inputPaths = (
				"${PODS_ROOT}/Target Support Files/Pods-tt/Pods-tt-frameworks.sh",
				"${BUILT_PRODUCTS_DIR}/CheatyXML/CheatyXML.framework",
				"${BUILT_PRODUCTS_DIR}/SWXMLHash/SWXMLHash.framework",
			);
			name = "[CP] Embed Pods Frameworks";
			outputFileListPaths = (
			);
			outputPaths = (
				"${TARGET_BUILD_DIR}/${FRAMEWORKS_FOLDER_PATH}/CheatyXML.framework",
				"${TARGET_BUILD_DIR}/${FRAMEWORKS_FOLDER_PATH}/SWXMLHash.framework",
			);
			runOnlyForDeploymentPostprocessing = 0;
			shellPath = /bin/sh;
			shellScript = "\"${PODS_ROOT}/Target Support Files/Pods-tt/Pods-tt-frameworks.sh\"\n";
			showEnvVarsInLog = 0;
		};
		FCEF8900376E4272C30D316D /* [CP] Check Pods Manifest.lock */ = {
			isa = PBXShellScriptBuildPhase;
			buildActionMask = 2147483647;
			files = (
			);
			inputFileListPaths = (
			);
			inputPaths = (
				"${PODS_PODFILE_DIR_PATH}/Podfile.lock",
				"${PODS_ROOT}/Manifest.lock",
			);
			name = "[CP] Check Pods Manifest.lock";
			outputFileListPaths = (
			);
			outputPaths = (
				"$(DERIVED_FILE_DIR)/Pods-tt-checkManifestLockResult.txt",
			);
			runOnlyForDeploymentPostprocessing = 0;
			shellPath = /bin/sh;
			shellScript = "diff \"${PODS_PODFILE_DIR_PATH}/Podfile.lock\" \"${PODS_ROOT}/Manifest.lock\" > /dev/null\nif [ $? != 0 ] ; then\n    # print error to STDERR\n    echo \"error: The sandbox is not in sync with the Podfile.lock. Run 'pod install' or update your CocoaPods installation.\" >&2\n    exit 1\nfi\n# This output is used by Xcode 'outputs' to avoid re-running this script phase.\necho \"SUCCESS\" > \"${SCRIPT_OUTPUT_FILE_0}\"\n";
			showEnvVarsInLog = 0;
		};
/* End PBXShellScriptBuildPhase section */

/* Begin PBXSourcesBuildPhase section */
		34CAC44A22673222009E8095 /* Sources */ = {
			isa = PBXSourcesBuildPhase;
			buildActionMask = 2147483647;
			files = (
				34CAC48022674278009E8095 /* CodeList.swift in Sources */,
				34CAC45422673222009E8095 /* ParcelDetailViewController.swift in Sources */,
				34CAC45222673222009E8095 /* AppDelegate.swift in Sources */,
				341173322288604B005A599B /* PPParcel.swift in Sources */,
				3411733022882D59005A599B /* ParcelsTableViewController.swift in Sources */,
			);
			runOnlyForDeploymentPostprocessing = 0;
		};
		34CAC45E22673224009E8095 /* Sources */ = {
			isa = PBXSourcesBuildPhase;
			buildActionMask = 2147483647;
			files = (
				34CAC46722673224009E8095 /* ttTests.swift in Sources */,
			);
			runOnlyForDeploymentPostprocessing = 0;
		};
		34CAC46922673224009E8095 /* Sources */ = {
			isa = PBXSourcesBuildPhase;
			buildActionMask = 2147483647;
			files = (
				34CAC47222673224009E8095 /* ttUITests.swift in Sources */,
			);
			runOnlyForDeploymentPostprocessing = 0;
		};
/* End PBXSourcesBuildPhase section */

/* Begin PBXTargetDependency section */
		34CAC46422673224009E8095 /* PBXTargetDependency */ = {
			isa = PBXTargetDependency;
			target = 34CAC44D22673222009E8095 /* tt */;
			targetProxy = 34CAC46322673224009E8095 /* PBXContainerItemProxy */;
		};
		34CAC46F22673224009E8095 /* PBXTargetDependency */ = {
			isa = PBXTargetDependency;
			target = 34CAC44D22673222009E8095 /* tt */;
			targetProxy = 34CAC46E22673224009E8095 /* PBXContainerItemProxy */;
		};
/* End PBXTargetDependency section */

/* Begin PBXVariantGroup section */
		34CAC45522673222009E8095 /* Main.storyboard */ = {
			isa = PBXVariantGroup;
			children = (
				34CAC45622673222009E8095 /* Base */,
			);
			name = Main.storyboard;
			sourceTree = "<group>";
		};
		34CAC45A22673224009E8095 /* LaunchScreen.storyboard */ = {
			isa = PBXVariantGroup;
			children = (
				34CAC45B22673224009E8095 /* Base */,
			);
			name = LaunchScreen.storyboard;
			sourceTree = "<group>";
		};
/* End PBXVariantGroup section */

/* Begin XCBuildConfiguration section */
		34CAC47422673224009E8095 /* Debug */ = {
			isa = XCBuildConfiguration;
			buildSettings = {
				ALWAYS_SEARCH_USER_PATHS = NO;
				CLANG_ANALYZER_NONNULL = YES;
				CLANG_ANALYZER_NUMBER_OBJECT_CONVERSION = YES_AGGRESSIVE;
				CLANG_CXX_LANGUAGE_STANDARD = "gnu++14";
				CLANG_CXX_LIBRARY = "libc++";
				CLANG_ENABLE_MODULES = YES;
				CLANG_ENABLE_OBJC_ARC = YES;
				CLANG_ENABLE_OBJC_WEAK = YES;
				CLANG_WARN_BLOCK_CAPTURE_AUTORELEASING = YES;
				CLANG_WARN_BOOL_CONVERSION = YES;
				CLANG_WARN_COMMA = YES;
				CLANG_WARN_CONSTANT_CONVERSION = YES;
				CLANG_WARN_DEPRECATED_OBJC_IMPLEMENTATIONS = YES;
				CLANG_WARN_DIRECT_OBJC_ISA_USAGE = YES_ERROR;
				CLANG_WARN_DOCUMENTATION_COMMENTS = YES;
				CLANG_WARN_EMPTY_BODY = YES;
				CLANG_WARN_ENUM_CONVERSION = YES;
				CLANG_WARN_INFINITE_RECURSION = YES;
				CLANG_WARN_INT_CONVERSION = YES;
				CLANG_WARN_NON_LITERAL_NULL_CONVERSION = YES;
				CLANG_WARN_OBJC_IMPLICIT_RETAIN_SELF = YES;
				CLANG_WARN_OBJC_LITERAL_CONVERSION = YES;
				CLANG_WARN_OBJC_ROOT_CLASS = YES_ERROR;
				CLANG_WARN_RANGE_LOOP_ANALYSIS = YES;
				CLANG_WARN_STRICT_PROTOTYPES = YES;
				CLANG_WARN_SUSPICIOUS_MOVE = YES;
				CLANG_WARN_UNGUARDED_AVAILABILITY = YES_AGGRESSIVE;
				CLANG_WARN_UNREACHABLE_CODE = YES;
				CLANG_WARN__DUPLICATE_METHOD_MATCH = YES;
				CODE_SIGN_IDENTITY = "iPhone Developer";
				COPY_PHASE_STRIP = NO;
				DEBUG_INFORMATION_FORMAT = dwarf;
				ENABLE_STRICT_OBJC_MSGSEND = YES;
				ENABLE_TESTABILITY = YES;
				GCC_C_LANGUAGE_STANDARD = gnu11;
				GCC_DYNAMIC_NO_PIC = NO;
				GCC_NO_COMMON_BLOCKS = YES;
				GCC_OPTIMIZATION_LEVEL = 0;
				GCC_PREPROCESSOR_DEFINITIONS = (
					"DEBUG=1",
					"$(inherited)",
				);
				GCC_WARN_64_TO_32_BIT_CONVERSION = YES;
				GCC_WARN_ABOUT_RETURN_TYPE = YES_ERROR;
				GCC_WARN_UNDECLARED_SELECTOR = YES;
				GCC_WARN_UNINITIALIZED_AUTOS = YES_AGGRESSIVE;
				GCC_WARN_UNUSED_FUNCTION = YES;
				GCC_WARN_UNUSED_VARIABLE = YES;
				IPHONEOS_DEPLOYMENT_TARGET = 12.2;
				MTL_ENABLE_DEBUG_INFO = INCLUDE_SOURCE;
				MTL_FAST_MATH = YES;
				ONLY_ACTIVE_ARCH = YES;
				SDKROOT = iphoneos;
				SWIFT_ACTIVE_COMPILATION_CONDITIONS = DEBUG;
				SWIFT_OPTIMIZATION_LEVEL = "-Onone";
			};
			name = Debug;
		};
		34CAC47522673224009E8095 /* Release */ = {
			isa = XCBuildConfiguration;
			buildSettings = {
				ALWAYS_SEARCH_USER_PATHS = NO;
				CLANG_ANALYZER_NONNULL = YES;
				CLANG_ANALYZER_NUMBER_OBJECT_CONVERSION = YES_AGGRESSIVE;
				CLANG_CXX_LANGUAGE_STANDARD = "gnu++14";
				CLANG_CXX_LIBRARY = "libc++";
				CLANG_ENABLE_MODULES = YES;
				CLANG_ENABLE_OBJC_ARC = YES;
				CLANG_ENABLE_OBJC_WEAK = YES;
				CLANG_WARN_BLOCK_CAPTURE_AUTORELEASING = YES;
				CLANG_WARN_BOOL_CONVERSION = YES;
				CLANG_WARN_COMMA = YES;
				CLANG_WARN_CONSTANT_CONVERSION = YES;
				CLANG_WARN_DEPRECATED_OBJC_IMPLEMENTATIONS = YES;
				CLANG_WARN_DIRECT_OBJC_ISA_USAGE = YES_ERROR;
				CLANG_WARN_DOCUMENTATION_COMMENTS = YES;
				CLANG_WARN_EMPTY_BODY = YES;
				CLANG_WARN_ENUM_CONVERSION = YES;
				CLANG_WARN_INFINITE_RECURSION = YES;
				CLANG_WARN_INT_CONVERSION = YES;
				CLANG_WARN_NON_LITERAL_NULL_CONVERSION = YES;
				CLANG_WARN_OBJC_IMPLICIT_RETAIN_SELF = YES;
				CLANG_WARN_OBJC_LITERAL_CONVERSION = YES;
				CLANG_WARN_OBJC_ROOT_CLASS = YES_ERROR;
				CLANG_WARN_RANGE_LOOP_ANALYSIS = YES;
				CLANG_WARN_STRICT_PROTOTYPES = YES;
				CLANG_WARN_SUSPICIOUS_MOVE = YES;
				CLANG_WARN_UNGUARDED_AVAILABILITY = YES_AGGRESSIVE;
				CLANG_WARN_UNREACHABLE_CODE = YES;
				CLANG_WARN__DUPLICATE_METHOD_MATCH = YES;
				CODE_SIGN_IDENTITY = "iPhone Developer";
				COPY_PHASE_STRIP = NO;
				DEBUG_INFORMATION_FORMAT = "dwarf-with-dsym";
				ENABLE_NS_ASSERTIONS = NO;
				ENABLE_STRICT_OBJC_MSGSEND = YES;
				GCC_C_LANGUAGE_STANDARD = gnu11;
				GCC_NO_COMMON_BLOCKS = YES;
				GCC_WARN_64_TO_32_BIT_CONVERSION = YES;
				GCC_WARN_ABOUT_RETURN_TYPE = YES_ERROR;
				GCC_WARN_UNDECLARED_SELECTOR = YES;
				GCC_WARN_UNINITIALIZED_AUTOS = YES_AGGRESSIVE;
				GCC_WARN_UNUSED_FUNCTION = YES;
				GCC_WARN_UNUSED_VARIABLE = YES;
				IPHONEOS_DEPLOYMENT_TARGET = 12.2;
				MTL_ENABLE_DEBUG_INFO = NO;
				MTL_FAST_MATH = YES;
				SDKROOT = iphoneos;
				SWIFT_COMPILATION_MODE = wholemodule;
				SWIFT_OPTIMIZATION_LEVEL = "-O";
				VALIDATE_PRODUCT = YES;
			};
			name = Release;
		};
		34CAC47722673224009E8095 /* Debug */ = {
			isa = XCBuildConfiguration;
			baseConfigurationReference = D572F3F16B3E3530001DE435 /* Pods-tt.debug.xcconfig */;
			buildSettings = {
				ASSETCATALOG_COMPILER_APPICON_NAME = AppIcon;
				CODE_SIGN_STYLE = Automatic;
				INFOPLIST_FILE = tt/Info.plist;
				LD_RUNPATH_SEARCH_PATHS = (
					"$(inherited)",
					"@executable_path/Frameworks",
				);
				PRODUCT_BUNDLE_IDENTIFIER = pl.pp.tt;
				PRODUCT_NAME = "$(TARGET_NAME)";
				SWIFT_VERSION = 5.0;
				TARGETED_DEVICE_FAMILY = "1,2";
			};
			name = Debug;
		};
		34CAC47822673224009E8095 /* Release */ = {
			isa = XCBuildConfiguration;
			baseConfigurationReference = C6B0169343551D8E0D9F11DB /* Pods-tt.release.xcconfig */;
			buildSettings = {
				ASSETCATALOG_COMPILER_APPICON_NAME = AppIcon;
				CODE_SIGN_STYLE = Automatic;
				INFOPLIST_FILE = tt/Info.plist;
				LD_RUNPATH_SEARCH_PATHS = (
					"$(inherited)",
					"@executable_path/Frameworks",
				);
				PRODUCT_BUNDLE_IDENTIFIER = pl.pp.tt;
				PRODUCT_NAME = "$(TARGET_NAME)";
				SWIFT_VERSION = 5.0;
				TARGETED_DEVICE_FAMILY = "1,2";
			};
			name = Release;
		};
		34CAC47A22673224009E8095 /* Debug */ = {
			isa = XCBuildConfiguration;
			buildSettings = {
				ALWAYS_EMBED_SWIFT_STANDARD_LIBRARIES = YES;
				BUNDLE_LOADER = "$(TEST_HOST)";
				CODE_SIGN_STYLE = Automatic;
				INFOPLIST_FILE = ttTests/Info.plist;
				LD_RUNPATH_SEARCH_PATHS = (
					"$(inherited)",
					"@executable_path/Frameworks",
					"@loader_path/Frameworks",
				);
				PRODUCT_BUNDLE_IDENTIFIER = pl.pp.ttTests;
				PRODUCT_NAME = "$(TARGET_NAME)";
				SWIFT_VERSION = 5.0;
				TARGETED_DEVICE_FAMILY = "1,2";
				TEST_HOST = "$(BUILT_PRODUCTS_DIR)/tt.app/tt";
			};
			name = Debug;
		};
		34CAC47B22673224009E8095 /* Release */ = {
			isa = XCBuildConfiguration;
			buildSettings = {
				ALWAYS_EMBED_SWIFT_STANDARD_LIBRARIES = YES;
				BUNDLE_LOADER = "$(TEST_HOST)";
				CODE_SIGN_STYLE = Automatic;
				INFOPLIST_FILE = ttTests/Info.plist;
				LD_RUNPATH_SEARCH_PATHS = (
					"$(inherited)",
					"@executable_path/Frameworks",
					"@loader_path/Frameworks",
				);
				PRODUCT_BUNDLE_IDENTIFIER = pl.pp.ttTests;
				PRODUCT_NAME = "$(TARGET_NAME)";
				SWIFT_VERSION = 5.0;
				TARGETED_DEVICE_FAMILY = "1,2";
				TEST_HOST = "$(BUILT_PRODUCTS_DIR)/tt.app/tt";
			};
			name = Release;
		};
		34CAC47D22673224009E8095 /* Debug */ = {
			isa = XCBuildConfiguration;
			buildSettings = {
				ALWAYS_EMBED_SWIFT_STANDARD_LIBRARIES = YES;
				CODE_SIGN_STYLE = Automatic;
				INFOPLIST_FILE = ttUITests/Info.plist;
				LD_RUNPATH_SEARCH_PATHS = (
					"$(inherited)",
					"@executable_path/Frameworks",
					"@loader_path/Frameworks",
				);
				PRODUCT_BUNDLE_IDENTIFIER = pl.pp.ttUITests;
				PRODUCT_NAME = "$(TARGET_NAME)";
				SWIFT_VERSION = 5.0;
				TARGETED_DEVICE_FAMILY = "1,2";
				TEST_TARGET_NAME = tt;
			};
			name = Debug;
		};
		34CAC47E22673224009E8095 /* Release */ = {
			isa = XCBuildConfiguration;
			buildSettings = {
				ALWAYS_EMBED_SWIFT_STANDARD_LIBRARIES = YES;
				CODE_SIGN_STYLE = Automatic;
				INFOPLIST_FILE = ttUITests/Info.plist;
				LD_RUNPATH_SEARCH_PATHS = (
					"$(inherited)",
					"@executable_path/Frameworks",
					"@loader_path/Frameworks",
				);
				PRODUCT_BUNDLE_IDENTIFIER = pl.pp.ttUITests;
				PRODUCT_NAME = "$(TARGET_NAME)";
				SWIFT_VERSION = 5.0;
				TARGETED_DEVICE_FAMILY = "1,2";
				TEST_TARGET_NAME = tt;
			};
			name = Release;
		};
/* End XCBuildConfiguration section */

/* Begin XCConfigurationList section */
		34CAC44922673222009E8095 /* Build configuration list for PBXProject "tt" */ = {
			isa = XCConfigurationList;
			buildConfigurations = (
				34CAC47422673224009E8095 /* Debug */,
				34CAC47522673224009E8095 /* Release */,
			);
			defaultConfigurationIsVisible = 0;
			defaultConfigurationName = Release;
		};
		34CAC47622673224009E8095 /* Build configuration list for PBXNativeTarget "tt" */ = {
			isa = XCConfigurationList;
			buildConfigurations = (
				34CAC47722673224009E8095 /* Debug */,
				34CAC47822673224009E8095 /* Release */,
			);
			defaultConfigurationIsVisible = 0;
			defaultConfigurationName = Release;
		};
		34CAC47922673224009E8095 /* Build configuration list for PBXNativeTarget "ttTests" */ = {
			isa = XCConfigurationList;
			buildConfigurations = (
				34CAC47A22673224009E8095 /* Debug */,
				34CAC47B22673224009E8095 /* Release */,
			);
			defaultConfigurationIsVisible = 0;
			defaultConfigurationName = Release;
		};
		34CAC47C22673224009E8095 /* Build configuration list for PBXNativeTarget "ttUITests" */ = {
			isa = XCConfigurationList;
			buildConfigurations = (
				34CAC47D22673224009E8095 /* Debug */,
				34CAC47E22673224009E8095 /* Release */,
			);
			defaultConfigurationIsVisible = 0;
			defaultConfigurationName = Release;
		};
/* End XCConfigurationList section */
	};
	rootObject = 34CAC44622673222009E8095 /* Project object */;
}
